
Microsoft Visual Studio Solution File, Format Version 12.00
# Visual Studio Version 17
VisualStudioVersion = 17.0.31612.314
MinimumVisualStudioVersion = 10.0.40219.1
Project("{9A19103F-16F7-4668-BE54-9A1E7A4F7556}") = "CarRentalApp.Client", "CarRentalApp\Client\CarRentalApp.Client.csproj", "{BA301C84-0645-4041-89CA-749BF8BD7715}"
EndProject
Project("{9A19103F-16F7-4668-BE54-9A1E7A4F7556}") = "CarRentalApp.Server", "CarRentalApp\Server\CarRentalApp.Server.csproj", "{C313B961-97A5-4BF9-906E-0EEB00D3FEE6}"
EndProject
Project("{9A19103F-16F7-4668-BE54-9A1E7A4F7556}") = "CarRentalApp.Shared", "CarRentalApp\Shared\CarRentalApp.Shared.csproj", "{FC8BC929-94B5-4FA6-AA33-CE00C84484CC}"
EndProject
Global
	GlobalSection(SolutionConfigurationPlatforms) = preSolution
		Debug|Any CPU = Debug|Any CPU
		Release|Any CPU = Release|Any CPU
	EndGlobalSection
	GlobalSection(ProjectConfigurationPlatforms) = postSolution
		{BA301C84-0645-4041-89CA-749BF8BD7715}.Debug|Any CPU.ActiveCfg = Debug|Any CPU
		{BA301C84-0645-4041-89CA-749BF8BD7715}.Debug|Any CPU.Build.0 = Debug|Any CPU
		{BA301C84-0645-4041-89CA-749BF8BD7715}.Release|Any CPU.ActiveCfg = Release|Any CPU
		{BA301C84-0645-4041-89CA-749BF8BD7715}.Release|Any CPU.Build.0 = Release|Any CPU
		{C313B961-97A5-4BF9-906E-0EEB00D3FEE6}.Debug|Any CPU.ActiveCfg = Debug|Any CPU
		{C313B961-97A5-4BF9-906E-0EEB00D3FEE6}.Debug|Any CPU.Build.0 = Debug|Any CPU
		{C313B961-97A5-4BF9-906E-0EEB00D3FEE6}.Release|Any CPU.ActiveCfg = Release|Any CPU
		{C313B961-97A5-4BF9-906E-0EEB00D3FEE6}.Release|Any CPU.Build.0 = Release|Any CPU
		{FC8BC929-94B5-4FA6-AA33-CE00C84484CC}.Debug|Any CPU.ActiveCfg = Debug|Any CPU
		{FC8BC929-94B5-4FA6-AA33-CE00C84484CC}.Debug|Any CPU.Build.0 = Debug|Any CPU
		{FC8BC929-94B5-4FA6-AA33-CE00C84484CC}.Release|Any CPU.ActiveCfg = Release|Any CPU
		{FC8BC929-94B5-4FA6-AA33-CE00C84484CC}.Release|Any CPU.Build.0 = Release|Any CPU
	EndGlobalSection
	GlobalSection(SolutionProperties) = preSolution
		HideSolutionNode = FALSE
	EndGlobalSection
	GlobalSection(ExtensibilityGlobals) = postSolution
		SolutionGuid = {47D58C1A-2035-4800-93FA-BBBB6DE729E7}
	EndGlobalSection
EndGlobal
